
Microsoft Visual Studio Solution File, Format Version 12.00
# Visual Studio Version 16
VisualStudioVersion = 16.0.30204.135
MinimumVisualStudioVersion = 10.0.40219.1
Project("{FAE04EC0-301F-11D3-BF4B-00C04F79EFBC}") = "TiendaFlores", "TiendaFlores\TiendaFlores.csproj", "{5EB7BB32-6F9B-486C-8109-E391C4C6F042}"
EndProject
Global
	GlobalSection(SolutionConfigurationPlatforms) = preSolution
		Debug|Any CPU = Debug|Any CPU
		Release|Any CPU = Release|Any CPU
	EndGlobalSection
	GlobalSection(ProjectConfigurationPlatforms) = postSolution
		{5EB7BB32-6F9B-486C-8109-E391C4C6F042}.Debug|Any CPU.ActiveCfg = Debug|Any CPU
		{5EB7BB32-6F9B-486C-8109-E391C4C6F042}.Debug|Any CPU.Build.0 = Debug|Any CPU
		{5EB7BB32-6F9B-486C-8109-E391C4C6F042}.Release|Any CPU.ActiveCfg = Release|Any CPU
		{5EB7BB32-6F9B-486C-8109-E391C4C6F042}.Release|Any CPU.Build.0 = Release|Any CPU
	EndGlobalSection
	GlobalSection(SolutionProperties) = preSolution
		HideSolutionNode = FALSE
	EndGlobalSection
	GlobalSection(ExtensibilityGlobals) = postSolution
		SolutionGuid = {767E95E9-4D2B-410D-9C06-580DF7C054BC}
	EndGlobalSection
EndGlobal
